
Microsoft Visual Studio Solution File, Format Version 12.00
# Visual Studio Version 17
VisualStudioVersion = 17.14.36401.2
MinimumVisualStudioVersion = 10.0.40219.1
Project("{FAE04EC0-301F-11D3-BF4B-00C04F79EFBC}") = "DeloitteIntegration.API", "DeloitteIntegration\DeloitteIntegration.API.csproj", "{953557EF-EEEB-45D4-8F57-7E4C5624F787}"
EndProject
Project("{FAE04EC0-301F-11D3-BF4B-00C04F79EFBC}") = "DeloitteIntegration.Application", "DeloitteIntegration.Application\DeloitteIntegration.Application.csproj", "{242DA9F0-4927-4C6B-B9EC-604AC0C0DE3D}"
EndProject
Project("{FAE04EC0-301F-11D3-BF4B-00C04F79EFBC}") = "DeloitteIntegration.Domain", "DeloitteIntegration.Domain\DeloitteIntegration.Domain.csproj", "{CF710583-DB6C-465F-8A12-89A11F2BA83E}"
EndProject
Project("{FAE04EC0-301F-11D3-BF4B-00C04F79EFBC}") = "DeloitteIntegration.Infrastructure", "DeloitteIntegration.Infrastructure\DeloitteIntegration.Infrastructure.csproj", "{086EABD0-AFD7-49B5-914E-23254F587B32}"
EndProject
Project("{FAE04EC0-301F-11D3-BF4B-00C04F79EFBC}") = "DeloitteIntegration.UnitTests", "DeloitteIntegration.UnitTests\DeloitteIntegration.UnitTests.csproj", "{48394B13-E45B-42D1-996E-B7CA99A32750}"
EndProject
Global
	GlobalSection(SolutionConfigurationPlatforms) = preSolution
		Debug|Any CPU = Debug|Any CPU
		Release|Any CPU = Release|Any CPU
	EndGlobalSection
	GlobalSection(ProjectConfigurationPlatforms) = postSolution
		{953557EF-EEEB-45D4-8F57-7E4C5624F787}.Debug|Any CPU.ActiveCfg = Debug|Any CPU
		{953557EF-EEEB-45D4-8F57-7E4C5624F787}.Debug|Any CPU.Build.0 = Debug|Any CPU
		{953557EF-EEEB-45D4-8F57-7E4C5624F787}.Release|Any CPU.ActiveCfg = Release|Any CPU
		{953557EF-EEEB-45D4-8F57-7E4C5624F787}.Release|Any CPU.Build.0 = Release|Any CPU
		{242DA9F0-4927-4C6B-B9EC-604AC0C0DE3D}.Debug|Any CPU.ActiveCfg = Debug|Any CPU
		{242DA9F0-4927-4C6B-B9EC-604AC0C0DE3D}.Debug|Any CPU.Build.0 = Debug|Any CPU
		{242DA9F0-4927-4C6B-B9EC-604AC0C0DE3D}.Release|Any CPU.ActiveCfg = Release|Any CPU
		{242DA9F0-4927-4C6B-B9EC-604AC0C0DE3D}.Release|Any CPU.Build.0 = Release|Any CPU
		{CF710583-DB6C-465F-8A12-89A11F2BA83E}.Debug|Any CPU.ActiveCfg = Debug|Any CPU
		{CF710583-DB6C-465F-8A12-89A11F2BA83E}.Debug|Any CPU.Build.0 = Debug|Any CPU
		{CF710583-DB6C-465F-8A12-89A11F2BA83E}.Release|Any CPU.ActiveCfg = Release|Any CPU
		{CF710583-DB6C-465F-8A12-89A11F2BA83E}.Release|Any CPU.Build.0 = Release|Any CPU
		{086EABD0-AFD7-49B5-914E-23254F587B32}.Debug|Any CPU.ActiveCfg = Debug|Any CPU
		{086EABD0-AFD7-49B5-914E-23254F587B32}.Debug|Any CPU.Build.0 = Debug|Any CPU
		{086EABD0-AFD7-49B5-914E-23254F587B32}.Release|Any CPU.ActiveCfg = Release|Any CPU
		{086EABD0-AFD7-49B5-914E-23254F587B32}.Release|Any CPU.Build.0 = Release|Any CPU
		{48394B13-E45B-42D1-996E-B7CA99A32750}.Debug|Any CPU.ActiveCfg = Debug|Any CPU
		{48394B13-E45B-42D1-996E-B7CA99A32750}.Debug|Any CPU.Build.0 = Debug|Any CPU
		{48394B13-E45B-42D1-996E-B7CA99A32750}.Release|Any CPU.ActiveCfg = Release|Any CPU
		{48394B13-E45B-42D1-996E-B7CA99A32750}.Release|Any CPU.Build.0 = Release|Any CPU
	EndGlobalSection
	GlobalSection(SolutionProperties) = preSolution
		HideSolutionNode = FALSE
	EndGlobalSection
	GlobalSection(ExtensibilityGlobals) = postSolution
		SolutionGuid = {83AFC29A-75F2-4CFC-B750-2D02E41A1C5B}
	EndGlobalSection
EndGlobal
